{
  "name": "Capstone-3",
  "lockfileVersion": 3,
  "requires": true,
  "packages": {
    "": {
      "dependencies": {
        "animate.css": "^4.1.1",
        "gsap": "^3.12.4"
      }
    },
    "node_modules/animate.css": {
      "version": "4.1.1",
      "resolved": "https://registry.npmjs.org/animate.css/-/animate.css-4.1.1.tgz",
      "integrity": "sha512-+mRmCTv6SbCmtYJCN4faJMNFVNN5EuCTTprDTAo7YzIGji2KADmakjVA3+8mVDkZ2Bf09vayB35lSQIex2+QaQ=="
    },
    "node_modules/gsap": {
      "version": "3.12.4",
      "resolved": "https://registry.npmjs.org/gsap/-/gsap-3.12.4.tgz",
      "integrity": "sha512-1ByAq8dD0W4aBZ/JArgaQvc0gyUfkGkP8mgAQa0qZGdpOKlSOhOf+WNXjoLimKaKG3Z4Iu6DKZtnyszqQeyqWQ=="
    }
  }
}
